{
  "version": 4,
  "terraform_version": "1.1.7",
  "serial": 5,
  "lineage": "18c456be-2fc5-62a2-e97c-f55ce20b3017",
  "outputs": {},
  "resources": [
    {
      "module": "module.master_instance",
      "mode": "managed",
      "type": "google_sql_database_instance",
      "name": "postgresql",
      "provider": "module.master_instance.provider[\"registry.terraform.io/hashicorp/google\"]",
      "instances": [
        {
          "schema_version": 0,
          "attributes": {
            "available_maintenance_versions": [],
            "clone": [],
            "connection_name": "sandbox-377719:us-central1:terraform-20230221202359896900000001",
            "database_version": "POSTGRES_14",
            "deletion_protection": true,
            "encryption_key_name": null,
            "first_ip_address": "34.28.181.173",
            "id": "terraform-20230221202359896900000001",
            "instance_type": "CLOUD_SQL_INSTANCE",
            "ip_address": [
              {
                "ip_address": "34.28.181.173",
                "time_to_retire": "",
                "type": "PRIMARY"
              }
            ],
            "maintenance_version": "POSTGRES_14_4.R20220710.01_16",
            "master_instance_name": "",
            "name": "terraform-20230221202359896900000001",
            "private_ip_address": "",
            "project": "sandbox-377719",
            "public_ip_address": "34.28.181.173",
            "region": "us-central1",
            "replica_configuration": [],
            "restore_backup_context": [],
            "root_password": null,
            "self_link": "https://sqladmin.googleapis.com/sql/v1beta4/projects/sandbox-377719/instances/terraform-20230221202359896900000001",
            "server_ca_cert": [
              {
                "cert": "-----BEGIN CERTIFICATE-----\nMIIDfzCCAmegAwIBAgIBADANBgkqhkiG9w0BAQsFADB3MS0wKwYDVQQuEyQ2YzBh\nMmU0Mi0yYjM0LTQ3NmYtODNmZi1hMjNiYzhkNzA3NmMxIzAhBgNVBAMTGkdvb2ds\nZSBDbG91ZCBTUUwgU2VydmVyIENBMRQwEgYDVQQKEwtHb29nbGUsIEluYzELMAkG\nA1UEBhMCVVMwHhcNMjMwMjIxMjAyNDUyWhcNMzMwMjE4MjAyNTUyWjB3MS0wKwYD\nVQQuEyQ2YzBhMmU0Mi0yYjM0LTQ3NmYtODNmZi1hMjNiYzhkNzA3NmMxIzAhBgNV\nBAMTGkdvb2dsZSBDbG91ZCBTUUwgU2VydmVyIENBMRQwEgYDVQQKEwtHb29nbGUs\nIEluYzELMAkGA1UEBhMCVVMwggEiMA0GCSqGSIb3DQEBAQUAA4IBDwAwggEKAoIB\nAQCY2ovdT8PfmFspfjEEHVBVMA/mJVzSV7MaJf/iK1ZXxtH67MyO/WNcIHl5AV1u\nvlyxfgHUoWOFtuKC8PoWzpVGCHM2bWBoz4q+hXOoc0iPwRFwxhGbzW29kKrrC/Z1\nzbX2VWNUKyefV+GPSKSnuh8jR8R7cNmrDvj/kb4ooWwfuujMekh5V/aiQbP2+sM2\nRKD06AxQNlSVKNXKS80v4cQGjZBvQhsl3WSN5/HqjEgeV95Jh33NRi4Hf/o7r+UG\nthenhRdc40dbwlFBkdWpntwkJEO2Xs/AX/D3zD8xxorJC5vFh1zT6IYU6iHSTYGQ\nd1st+guEoMhG2qerGJmpPooXAgMBAAGjFjAUMBIGA1UdEwEB/wQIMAYBAf8CAQAw\nDQYJKoZIhvcNAQELBQADggEBACWRfms+A72IiSn+T34r60v4mbJ+DQ1r0cCMz2FE\nTZ+WuunvpvHcrHKiIRuWQfDdPq0ouhGuTJQtNfZJs6cIfuKsuaL0OVMbYhOPBISa\n0VYkvQ9QeIm7zA384WSy4IV6Y3Fjuli4jq0oX9O64RJY4jbgrQJnDDEsBVbd4XsX\nSDKSEdwRodzYEPuafCLTY68HL7++4CMJ718movBsKoGs6ZTWWHXVDETm6I3dLpGq\n9TIaEymMXDdgDW0Q3QzVacrLqahBCV+EjdAd7ON0UfAg7g5UdOg/Qvx+KPo1KUzf\n+Ub9/2v+Yyrs6cG4pE7IWLelkkkg3bnmSKMMZ1pZAoz99Tk=\n-----END CERTIFICATE-----",
                "common_name": "C=US,O=Google\\, Inc,CN=Google Cloud SQL Server CA,dnQualifier=6c0a2e42-2b34-476f-83ff-a23bc8d7076c",
                "create_time": "2023-02-21T20:24:52.725Z",
                "expiration_time": "2033-02-18T20:25:52.725Z",
                "sha1_fingerprint": "4e10bfe0b950ea253c2095768e4ea6a54d5d0dae"
              }
            ],
            "service_account_email_address": "p870104145790-k87lzc@gcp-sa-cloud-sql.iam.gserviceaccount.com",
            "settings": [
              {
                "activation_policy": "ALWAYS",
                "active_directory_config": [],
                "availability_type": "REGIONAL",
                "backup_configuration": [
                  {
                    "backup_retention_settings": [
                      {
                        "retained_backups": 7,
                        "retention_unit": "COUNT"
                      }
                    ],
                    "binary_log_enabled": false,
                    "enabled": false,
                    "location": "",
                    "point_in_time_recovery_enabled": false,
                    "start_time": "11:00",
                    "transaction_log_retention_days": 7
                  }
                ],
                "collation": "",
                "connector_enforcement": "NOT_REQUIRED",
                "database_flags": [],
                "deletion_protection_enabled": false,
                "deny_maintenance_period": [],
                "disk_autoresize": true,
                "disk_autoresize_limit": 0,
                "disk_size": 10,
                "disk_type": "PD_SSD",
                "insights_config": [],
                "ip_configuration": [
                  {
                    "allocated_ip_range": "",
                    "authorized_networks": [],
                    "enable_private_path_for_google_cloud_services": false,
                    "ipv4_enabled": true,
                    "private_network": "",
                    "require_ssl": false
                  }
                ],
                "location_preference": [
                  {
                    "follow_gae_application": "",
                    "secondary_zone": "",
                    "zone": "us-central1-a"
                  }
                ],
                "maintenance_window": [],
                "password_validation_policy": [],
                "pricing_plan": "PER_USE",
                "sql_server_audit_config": [],
                "tier": "db-f1-micro",
                "time_zone": "",
                "user_labels": {},
                "version": 4
              }
            ],
            "timeouts": null
          },
          "sensitive_attributes": [],
          "private": "eyJlMmJmYjczMC1lY2FhLTExZTYtOGY4OC0zNDM2M2JjN2M0YzAiOnsiY3JlYXRlIjoyNDAwMDAwMDAwMDAwLCJkZWxldGUiOjE4MDAwMDAwMDAwMDAsInVwZGF0ZSI6MTgwMDAwMDAwMDAwMH19"
        }
      ]
    }
  ]
}
